
Microsoft Visual Studio Solution File, Format Version 12.00
# Visual Studio 15
VisualStudioVersion = 15.0.26430.14
MinimumVisualStudioVersion = 10.0.40219.1
Project("{FAE04EC0-301F-11D3-BF4B-00C04F79EFBC}") = "Projekat1", "Projekat1\Projekat1.csproj", "{F9C0ABBD-CA5A-4048-8F00-5D73CF282E01}"
EndProject
Global
	GlobalSection(SolutionConfigurationPlatforms) = preSolution
		Debug|Any CPU = Debug|Any CPU
		Release|Any CPU = Release|Any CPU
	EndGlobalSection
	GlobalSection(ProjectConfigurationPlatforms) = postSolution
		{F9C0ABBD-CA5A-4048-8F00-5D73CF282E01}.Debug|Any CPU.ActiveCfg = Debug|Any CPU
		{F9C0ABBD-CA5A-4048-8F00-5D73CF282E01}.Debug|Any CPU.Build.0 = Debug|Any CPU
		{F9C0ABBD-CA5A-4048-8F00-5D73CF282E01}.Release|Any CPU.ActiveCfg = Release|Any CPU
		{F9C0ABBD-CA5A-4048-8F00-5D73CF282E01}.Release|Any CPU.Build.0 = Release|Any CPU
	EndGlobalSection
	GlobalSection(SolutionProperties) = preSolution
		HideSolutionNode = FALSE
	EndGlobalSection
EndGlobal
